{
  "name": "leaflet-webmap",
  "lockfileVersion": 3,
  "requires": true,
  "packages": {
    "": {
      "dependencies": {
        "leaflet-ant-path": "^1.3.0"
      }
    },
    "node_modules/leaflet-ant-path": {
      "version": "1.3.0",
      "resolved": "https://registry.npmjs.org/leaflet-ant-path/-/leaflet-ant-path-1.3.0.tgz",
      "integrity": "sha512-wgWWcAD4w8QVguRsHh89NGj5eqwLOP6e/HazunW0fQaytqZqEh3WePWYIrmbUeMcOf2cX/+GecHkFfI5tirS1Q=="
    }
  }
}
